
Microsoft Visual Studio Solution File, Format Version 12.00
# Visual Studio Version 17
VisualStudioVersion = 17.10.35027.167
MinimumVisualStudioVersion = 10.0.40219.1
Project("{FAE04EC0-301F-11D3-BF4B-00C04F79EFBC}") = "SignalR", "SignalR\SignalR.csproj", "{F44B6748-4262-466C-AD2B-180E34EC47FC}"
EndProject
Global
	GlobalSection(SolutionConfigurationPlatforms) = preSolution
		Debug|Any CPU = Debug|Any CPU
		Release|Any CPU = Release|Any CPU
	EndGlobalSection
	GlobalSection(ProjectConfigurationPlatforms) = postSolution
		{F44B6748-4262-466C-AD2B-180E34EC47FC}.Debug|Any CPU.ActiveCfg = Debug|Any CPU
		{F44B6748-4262-466C-AD2B-180E34EC47FC}.Debug|Any CPU.Build.0 = Debug|Any CPU
		{F44B6748-4262-466C-AD2B-180E34EC47FC}.Release|Any CPU.ActiveCfg = Release|Any CPU
		{F44B6748-4262-466C-AD2B-180E34EC47FC}.Release|Any CPU.Build.0 = Release|Any CPU
	EndGlobalSection
	GlobalSection(SolutionProperties) = preSolution
		HideSolutionNode = FALSE
	EndGlobalSection
	GlobalSection(ExtensibilityGlobals) = postSolution
		SolutionGuid = {DA48705D-404C-43DC-8D7A-B81FEB6C6D2A}
	EndGlobalSection
EndGlobal
